
Microsoft Visual Studio Solution File, Format Version 12.00
# Visual Studio Version 17
VisualStudioVersion = 17.13.35919.96
MinimumVisualStudioVersion = 10.0.40219.1
Project("{FAE04EC0-301F-11D3-BF4B-00C04F79EFBC}") = "WebApp", "WebApp\WebApp\WebApp.csproj", "{F6450E1A-8546-4429-B30A-31B0D4FBA661}"
EndProject
Project("{FAE04EC0-301F-11D3-BF4B-00C04F79EFBC}") = "WebApp.Client", "WebApp\WebApp.Client\WebApp.Client.csproj", "{7E0D027E-544E-4BD1-B6FA-D119657A37C8}"
EndProject
Project("{2150E333-8FDC-42A3-9474-1A3956D46DE8}") = "Base", "Base", "{02EA681E-C7D8-13C7-8484-4AC65E1B71E8}"
EndProject
Project("{FAE04EC0-301F-11D3-BF4B-00C04F79EFBC}") = "BlazorAuto_API.Abstract", "BlazorAuto_API.Abtract\BlazorAuto_API.Abstract.csproj", "{CE922276-F188-493A-A28F-7244D020C6F3}"
EndProject
Project("{FAE04EC0-301F-11D3-BF4B-00C04F79EFBC}") = "BlazorAuto_API.BaseUIBlazor", "BlazorAuto_API.BaseUIBlazor\BlazorAuto_API.BaseUIBlazor.csproj", "{73DB8B1B-109C-43D9-AE40-31AA5F3E03C5}"
EndProject
Project("{FAE04EC0-301F-11D3-BF4B-00C04F79EFBC}") = "BlazorAuto_API.Infrastructure", "BlazorAuto_API.Infrastructure\BlazorAuto_API.Infrastructure.csproj", "{775B8581-B0D5-8105-0195-D62DA2E713DD}"
EndProject
Project("{2150E333-8FDC-42A3-9474-1A3956D46DE8}") = "SiteCustomer", "SiteCustomer", "{0D1958E9-37E3-43AA-8D6A-01BFDAD8C7CF}"
EndProject
Project("{2150E333-8FDC-42A3-9474-1A3956D46DE8}") = "SiteAdmin", "SiteAdmin", "{F8D238EC-0324-474E-AF97-148655C87E3A}"
EndProject
Project("{FAE04EC0-301F-11D3-BF4B-00C04F79EFBC}") = "BlazorAuto_API.Admin.Abstract", "BlazorAuto_API.Admin.Abstract\BlazorAuto_API.Admin.Abstract.csproj", "{613B804C-50DC-4592-93B2-B9FCF4F97250}"
EndProject
Project("{FAE04EC0-301F-11D3-BF4B-00C04F79EFBC}") = "BlazorAuto_API.Customer.Abstract", "BlazorAuto_API.Customer.Abstract\BlazorAuto_API.Customer.Abstract.csproj", "{5EA7034D-59B9-4520-93FC-6FD45D7E658E}"
EndProject
Project("{FAE04EC0-301F-11D3-BF4B-00C04F79EFBC}") = "BlazorAuto_API.Admin.Server", "BlazorAuto_API.Admin.Server\BlazorAuto_API.Admin.Server.csproj", "{E4B3EBB2-8004-4612-85D2-F26F364856C1}"
EndProject
Project("{FAE04EC0-301F-11D3-BF4B-00C04F79EFBC}") = "BlazorAuto_API.Customer.Server", "BlazorAuto_API.Customer.Server\BlazorAuto_API.Customer.Server.csproj", "{5AEA1F83-56AE-4FF6-A5C1-5E49D51EEC2C}"
EndProject
Project("{FAE04EC0-301F-11D3-BF4B-00C04F79EFBC}") = "BlazorAuto_API.Admin.Blazor", "BlazorAuto_API.Admin.Blazor\BlazorAuto_API.Admin.Blazor.csproj", "{66B931EA-C990-4721-92FD-C3F96106196E}"
EndProject
Project("{FAE04EC0-301F-11D3-BF4B-00C04F79EFBC}") = "BlazorAuto_API.Customer.Blazor", "BlazorAuto_API.Customer.Blazor\BlazorAuto_API.Customer.Blazor.csproj", "{BDDA5298-C9DC-46F8-9C23-E1F6EB29DA8B}"
EndProject
Global
	GlobalSection(SolutionConfigurationPlatforms) = preSolution
		Debug|Any CPU = Debug|Any CPU
		Release|Any CPU = Release|Any CPU
	EndGlobalSection
	GlobalSection(ProjectConfigurationPlatforms) = postSolution
		{F6450E1A-8546-4429-B30A-31B0D4FBA661}.Debug|Any CPU.ActiveCfg = Debug|Any CPU
		{F6450E1A-8546-4429-B30A-31B0D4FBA661}.Debug|Any CPU.Build.0 = Debug|Any CPU
		{F6450E1A-8546-4429-B30A-31B0D4FBA661}.Release|Any CPU.ActiveCfg = Release|Any CPU
		{F6450E1A-8546-4429-B30A-31B0D4FBA661}.Release|Any CPU.Build.0 = Release|Any CPU
		{7E0D027E-544E-4BD1-B6FA-D119657A37C8}.Debug|Any CPU.ActiveCfg = Debug|Any CPU
		{7E0D027E-544E-4BD1-B6FA-D119657A37C8}.Debug|Any CPU.Build.0 = Debug|Any CPU
		{7E0D027E-544E-4BD1-B6FA-D119657A37C8}.Release|Any CPU.ActiveCfg = Release|Any CPU
		{7E0D027E-544E-4BD1-B6FA-D119657A37C8}.Release|Any CPU.Build.0 = Release|Any CPU
		{CE922276-F188-493A-A28F-7244D020C6F3}.Debug|Any CPU.ActiveCfg = Debug|Any CPU
		{CE922276-F188-493A-A28F-7244D020C6F3}.Debug|Any CPU.Build.0 = Debug|Any CPU
		{CE922276-F188-493A-A28F-7244D020C6F3}.Release|Any CPU.ActiveCfg = Release|Any CPU
		{CE922276-F188-493A-A28F-7244D020C6F3}.Release|Any CPU.Build.0 = Release|Any CPU
		{73DB8B1B-109C-43D9-AE40-31AA5F3E03C5}.Debug|Any CPU.ActiveCfg = Debug|Any CPU
		{73DB8B1B-109C-43D9-AE40-31AA5F3E03C5}.Debug|Any CPU.Build.0 = Debug|Any CPU
		{73DB8B1B-109C-43D9-AE40-31AA5F3E03C5}.Release|Any CPU.ActiveCfg = Release|Any CPU
		{73DB8B1B-109C-43D9-AE40-31AA5F3E03C5}.Release|Any CPU.Build.0 = Release|Any CPU
		{775B8581-B0D5-8105-0195-D62DA2E713DD}.Debug|Any CPU.ActiveCfg = Debug|Any CPU
		{775B8581-B0D5-8105-0195-D62DA2E713DD}.Debug|Any CPU.Build.0 = Debug|Any CPU
		{775B8581-B0D5-8105-0195-D62DA2E713DD}.Release|Any CPU.ActiveCfg = Release|Any CPU
		{775B8581-B0D5-8105-0195-D62DA2E713DD}.Release|Any CPU.Build.0 = Release|Any CPU
		{613B804C-50DC-4592-93B2-B9FCF4F97250}.Debug|Any CPU.ActiveCfg = Debug|Any CPU
		{613B804C-50DC-4592-93B2-B9FCF4F97250}.Debug|Any CPU.Build.0 = Debug|Any CPU
		{613B804C-50DC-4592-93B2-B9FCF4F97250}.Release|Any CPU.ActiveCfg = Release|Any CPU
		{613B804C-50DC-4592-93B2-B9FCF4F97250}.Release|Any CPU.Build.0 = Release|Any CPU
		{5EA7034D-59B9-4520-93FC-6FD45D7E658E}.Debug|Any CPU.ActiveCfg = Debug|Any CPU
		{5EA7034D-59B9-4520-93FC-6FD45D7E658E}.Debug|Any CPU.Build.0 = Debug|Any CPU
		{5EA7034D-59B9-4520-93FC-6FD45D7E658E}.Release|Any CPU.ActiveCfg = Release|Any CPU
		{5EA7034D-59B9-4520-93FC-6FD45D7E658E}.Release|Any CPU.Build.0 = Release|Any CPU
		{E4B3EBB2-8004-4612-85D2-F26F364856C1}.Debug|Any CPU.ActiveCfg = Debug|Any CPU
		{E4B3EBB2-8004-4612-85D2-F26F364856C1}.Debug|Any CPU.Build.0 = Debug|Any CPU
		{E4B3EBB2-8004-4612-85D2-F26F364856C1}.Release|Any CPU.ActiveCfg = Release|Any CPU
		{E4B3EBB2-8004-4612-85D2-F26F364856C1}.Release|Any CPU.Build.0 = Release|Any CPU
		{5AEA1F83-56AE-4FF6-A5C1-5E49D51EEC2C}.Debug|Any CPU.ActiveCfg = Debug|Any CPU
		{5AEA1F83-56AE-4FF6-A5C1-5E49D51EEC2C}.Debug|Any CPU.Build.0 = Debug|Any CPU
		{5AEA1F83-56AE-4FF6-A5C1-5E49D51EEC2C}.Release|Any CPU.ActiveCfg = Release|Any CPU
		{5AEA1F83-56AE-4FF6-A5C1-5E49D51EEC2C}.Release|Any CPU.Build.0 = Release|Any CPU
		{66B931EA-C990-4721-92FD-C3F96106196E}.Debug|Any CPU.ActiveCfg = Debug|Any CPU
		{66B931EA-C990-4721-92FD-C3F96106196E}.Debug|Any CPU.Build.0 = Debug|Any CPU
		{66B931EA-C990-4721-92FD-C3F96106196E}.Release|Any CPU.ActiveCfg = Release|Any CPU
		{66B931EA-C990-4721-92FD-C3F96106196E}.Release|Any CPU.Build.0 = Release|Any CPU
		{BDDA5298-C9DC-46F8-9C23-E1F6EB29DA8B}.Debug|Any CPU.ActiveCfg = Debug|Any CPU
		{BDDA5298-C9DC-46F8-9C23-E1F6EB29DA8B}.Debug|Any CPU.Build.0 = Debug|Any CPU
		{BDDA5298-C9DC-46F8-9C23-E1F6EB29DA8B}.Release|Any CPU.ActiveCfg = Release|Any CPU
		{BDDA5298-C9DC-46F8-9C23-E1F6EB29DA8B}.Release|Any CPU.Build.0 = Release|Any CPU
	EndGlobalSection
	GlobalSection(SolutionProperties) = preSolution
		HideSolutionNode = FALSE
	EndGlobalSection
	GlobalSection(NestedProjects) = preSolution
		{CE922276-F188-493A-A28F-7244D020C6F3} = {02EA681E-C7D8-13C7-8484-4AC65E1B71E8}
		{73DB8B1B-109C-43D9-AE40-31AA5F3E03C5} = {02EA681E-C7D8-13C7-8484-4AC65E1B71E8}
		{775B8581-B0D5-8105-0195-D62DA2E713DD} = {02EA681E-C7D8-13C7-8484-4AC65E1B71E8}
		{613B804C-50DC-4592-93B2-B9FCF4F97250} = {F8D238EC-0324-474E-AF97-148655C87E3A}
		{5EA7034D-59B9-4520-93FC-6FD45D7E658E} = {0D1958E9-37E3-43AA-8D6A-01BFDAD8C7CF}
		{E4B3EBB2-8004-4612-85D2-F26F364856C1} = {F8D238EC-0324-474E-AF97-148655C87E3A}
		{5AEA1F83-56AE-4FF6-A5C1-5E49D51EEC2C} = {0D1958E9-37E3-43AA-8D6A-01BFDAD8C7CF}
		{66B931EA-C990-4721-92FD-C3F96106196E} = {F8D238EC-0324-474E-AF97-148655C87E3A}
		{BDDA5298-C9DC-46F8-9C23-E1F6EB29DA8B} = {0D1958E9-37E3-43AA-8D6A-01BFDAD8C7CF}
	EndGlobalSection
	GlobalSection(ExtensibilityGlobals) = postSolution
		SolutionGuid = {8D2A740F-8009-46DF-9B84-C84E8C9DB0F5}
	EndGlobalSection
EndGlobal
